
Microsoft Visual Studio Solution File, Format Version 12.00
# Visual Studio Version 17
VisualStudioVersion = 17.8.34316.72
MinimumVisualStudioVersion = 10.0.40219.1
Project("{FAE04EC0-301F-11D3-BF4B-00C04F79EFBC}") = "Kursovaia", "Kursovaia\Kursovaia.csproj", "{1C0B3EA3-EE27-432A-B46E-C09433F37E76}"
EndProject
Global
	GlobalSection(SolutionConfigurationPlatforms) = preSolution
		Debug|Any CPU = Debug|Any CPU
		Release|Any CPU = Release|Any CPU
	EndGlobalSection
	GlobalSection(ProjectConfigurationPlatforms) = postSolution
		{1C0B3EA3-EE27-432A-B46E-C09433F37E76}.Debug|Any CPU.ActiveCfg = Debug|Any CPU
		{1C0B3EA3-EE27-432A-B46E-C09433F37E76}.Debug|Any CPU.Build.0 = Debug|Any CPU
		{1C0B3EA3-EE27-432A-B46E-C09433F37E76}.Release|Any CPU.ActiveCfg = Release|Any CPU
		{1C0B3EA3-EE27-432A-B46E-C09433F37E76}.Release|Any CPU.Build.0 = Release|Any CPU
	EndGlobalSection
	GlobalSection(SolutionProperties) = preSolution
		HideSolutionNode = FALSE
	EndGlobalSection
	GlobalSection(ExtensibilityGlobals) = postSolution
		SolutionGuid = {BD1546CF-5A15-4912-99A6-D49BE86C8596}
	EndGlobalSection
EndGlobal
